<?xml version="1.0" encoding="utf-8"?>
<Project ToolsVersion="4.0" xmlns="http://schemas.microsoft.com/developer/msbuild/2003">
  <ItemGroup>
    <Filter Include="ソース ファイル">
      <UniqueIdentifier>{4FC737F1-C7A5-4376-A066-2A32D752A2FF}</UniqueIdentifier>
      <Extensions>cpp;c;cc;cxx;def;odl;idl;hpj;bat;asm;asmx</Extensions>
    </Filter>
    <Filter Include="ヘッダー ファイル">
      <UniqueIdentifier>{93995380-89BD-4b04-88EB-625FBE52EBFB}</UniqueIdentifier>
      <Extensions>h;hpp;hxx;hm;inl;inc;xsd</Extensions>
    </Filter>
    <Filter Include="リソース ファイル">
      <UniqueIdentifier>{67DA6AB6-F800-4c08-8B7A-83BB121AAD01}</UniqueIdentifier>
      <Extensions>rc;ico;cur;bmp;dlg;rc2;rct;bin;rgs;gif;jpg;jpeg;jpe;resx;tiff;tif;png;wav;mfcribbon-ms</Extensions>
    </Filter>
    <Filter Include="System">
      <UniqueIdentifier>{35de5204-575c-419f-bb6f-e9d11516381d}</UniqueIdentifier>
    </Filter>
    <Filter Include="Graphics">
      <UniqueIdentifier>{05c7813e-2557-4001-b202-fd6e9664cf7f}</UniqueIdentifier>
    </Filter>
    <Filter Include="Scene">
      <UniqueIdentifier>{f51d0cd0-1d9c-445d-9e27-dd3b38c7ca9d}</UniqueIdentifier>
    </Filter>
    <Filter Include="DebugUtil">
      <UniqueIdentifier>{54aae4cb-ee0e-4c1a-a8ec-b530b3924585}</UniqueIdentifier>
    </Filter>
    <Filter Include="Resource">
      <UniqueIdentifier>{346d1369-d3cf-4bdd-8769-41853c242bfa}</UniqueIdentifier>
    </Filter>
    <Filter Include="FileSystem">
      <UniqueIdentifier>{b708f057-2c4c-400b-8313-e18e85805dc2}</UniqueIdentifier>
    </Filter>
    <Filter Include="Scene\FireEffect">
      <UniqueIdentifier>{3004560c-4fda-4db0-a5b6-25f3e7c5d6ac}</UniqueIdentifier>
    </Filter>
    <Filter Include="Sound">
      <UniqueIdentifier>{d5c2d156-0436-4d00-bff5-e60a377f68ce}</UniqueIdentifier>
    </Filter>
    <Filter Include="EasyScript">
      <UniqueIdentifier>{1719b3dc-e631-4a04-9600-1c94061d8030}</UniqueIdentifier>
    </Filter>
    <Filter Include="Geometry">
      <UniqueIdentifier>{ef2495cf-383a-4ed0-9631-01c47b96c4bb}</UniqueIdentifier>
    </Filter>
    <Filter Include="Game">
      <UniqueIdentifier>{c79b57b7-8d35-4152-bcd1-b62608b52690}</UniqueIdentifier>
    </Filter>
    <Filter Include="3D">
      <UniqueIdentifier>{3723eda6-81ab-40cd-940a-e1e6e9a66cb4}</UniqueIdentifier>
    </Filter>
  </ItemGroup>
  <ItemGroup>
    <ClCompile Include="application.cpp">
      <Filter>System</Filter>
    </ClCompile>
    <ClCompile Include="main.cpp">
      <Filter>ソース ファイル</Filter>
    </ClCompile>
    <ClCompile Include="scene\BeforeStage.cpp">
      <Filter>Scene</Filter>
    </ClCompile>
    <ClCompile Include="scene\GamePlaying.cpp">
      <Filter>Scene</Filter>
    </ClCompile>
    <ClCompile Include="scene\SceneManager.cpp">
      <Filter>Scene</Filter>
    </ClCompile>
    <ClCompile Include="scene\TitleScene.cpp">
      <Filter>Scene</Filter>
    </ClCompile>
    <ClCompile Include="scene\AfterStage.cpp">
      <Filter>Scene</Filter>
    </ClCompile>
    <ClCompile Include="scene\OpeningScene.cpp">
      <Filter>Scene</Filter>
    </ClCompile>
    <ClCompile Include="scene\GameScene.cpp">
      <Filter>Scene</Filter>
    </ClCompile>
    <ClCompile Include="Graphics\GraphicsUpdater.cpp">
      <Filter>Graphics</Filter>
    </ClCompile>
    <ClCompile Include="Graphics\BaseDrawer.cpp">
      <Filter>Graphics</Filter>
    </ClCompile>
    <ClCompile Include="Graphics\FragmentDrawer.cpp">
      <Filter>Graphics</Filter>
    </ClCompile>
    <ClCompile Include="EasyScript\TextDrawer.cpp">
      <Filter>EasyScript</Filter>
    </ClCompile>
    <ClCompile Include="EasyScript\NovelExecutor.cpp">
      <Filter>EasyScript</Filter>
    </ClCompile>
    <ClCompile Include="EasyScript\NovelReader.cpp">
      <Filter>EasyScript</Filter>
    </ClCompile>
    <ClCompile Include="Sound\BackMusic.cpp">
      <Filter>Sound</Filter>
    </ClCompile>
    <ClCompile Include="Sound\SoundEffect.cpp">
      <Filter>Sound</Filter>
    </ClCompile>
    <ClCompile Include="Sound\BGMManager.cpp">
      <Filter>Sound</Filter>
    </ClCompile>
    <ClCompile Include="File\KFile.cpp">
      <Filter>FileSystem</Filter>
    </ClCompile>
    <ClCompile Include="Graphics\TileDrawer.cpp">
      <Filter>Graphics</Filter>
    </ClCompile>
    <ClCompile Include="Game\Stage.cpp">
      <Filter>Game</Filter>
    </ClCompile>
    <ClCompile Include="Game\Player.cpp">
      <Filter>Game</Filter>
    </ClCompile>
    <ClCompile Include="Game\Solid.cpp">
      <Filter>Game</Filter>
    </ClCompile>
    <ClCompile Include="Game\Character.cpp">
      <Filter>Game</Filter>
    </ClCompile>
    <ClCompile Include="Game\Enemy.cpp">
      <Filter>Game</Filter>
    </ClCompile>
    <ClCompile Include="Game\Bullet.cpp">
      <Filter>Game</Filter>
    </ClCompile>
    <ClCompile Include="Game\Camera.cpp">
      <Filter>Game</Filter>
    </ClCompile>
    <ClCompile Include="Game\CollisionDetector.cpp">
      <Filter>Game</Filter>
    </ClCompile>
    <ClCompile Include="Geometry\geometry.cpp">
      <Filter>Geometry</Filter>
    </ClCompile>
    <ClCompile Include="3D\Model3D.cpp">
      <Filter>3D</Filter>
    </ClCompile>
    <ClCompile Include="Game\Shot.cpp">
      <Filter>Game</Filter>
    </ClCompile>
    <ClCompile Include="Game\HitEffect.cpp">
      <Filter>Game</Filter>
    </ClCompile>
    <ClCompile Include="scene\ClearScene.cpp">
      <Filter>Scene</Filter>
    </ClCompile>
    <ClCompile Include="Graphics\BlinkDrawer.cpp">
      <Filter>Graphics</Filter>
    </ClCompile>
    <ClCompile Include="Graphics\LagDrawer.cpp">
      <Filter>Graphics</Filter>
    </ClCompile>
    <ClCompile Include="Game\GameItem.cpp">
      <Filter>Game</Filter>
    </ClCompile>
    <ClCompile Include="Game\BloodSplash.cpp">
      <Filter>Game</Filter>
    </ClCompile>
    <ClCompile Include="Game\GameObject.cpp">
      <Filter>Game</Filter>
    </ClCompile>
    <ClCompile Include="Game\EffectBase.cpp">
      <Filter>Game</Filter>
    </ClCompile>
  </ItemGroup>
  <ItemGroup>
    <ClInclude Include="application.h">
      <Filter>System</Filter>
    </ClInclude>
    <ClInclude Include="system\shared_ptr.h">
      <Filter>System</Filter>
    </ClInclude>
    <ClInclude Include="system\count_base.h">
      <Filter>System</Filter>
    </ClInclude>
    <ClInclude Include="system\refcountable.h">
      <Filter>System</Filter>
    </ClInclude>
    <ClInclude Include="system\scoped_ptr.h">
      <Filter>System</Filter>
    </ClInclude>
    <ClInclude Include="scene\BeforeStage.h">
      <Filter>Scene</Filter>
    </ClInclude>
    <ClInclude Include="scene\GamePlaying.h">
      <Filter>Scene</Filter>
    </ClInclude>
    <ClInclude Include="scene\GameScene.h">
      <Filter>Scene</Filter>
    </ClInclude>
    <ClInclude Include="scene\OpeningScene.h">
      <Filter>Scene</Filter>
    </ClInclude>
    <ClInclude Include="scene\SceneManager.h">
      <Filter>Scene</Filter>
    </ClInclude>
    <ClInclude Include="scene\TitleScene.h">
      <Filter>Scene</Filter>
    </ClInclude>
    <ClInclude Include="scene\AfterStage.h">
      <Filter>Scene</Filter>
    </ClInclude>
    <ClInclude Include="Graphics\Drawer.h">
      <Filter>Graphics</Filter>
    </ClInclude>
    <ClInclude Include="Graphics\GraphicsUpdater.h">
      <Filter>Graphics</Filter>
    </ClInclude>
    <ClInclude Include="Graphics\BaseDrawer.h">
      <Filter>Graphics</Filter>
    </ClInclude>
    <ClInclude Include="Graphics\FragmentDrawer.h">
      <Filter>Graphics</Filter>
    </ClInclude>
    <ClInclude Include="EasyScript\NovelReader.h">
      <Filter>EasyScript</Filter>
    </ClInclude>
    <ClInclude Include="EasyScript\TextDrawer.h">
      <Filter>EasyScript</Filter>
    </ClInclude>
    <ClInclude Include="EasyScript\NovelExecutor.h">
      <Filter>EasyScript</Filter>
    </ClInclude>
    <ClInclude Include="Sound\SoundEffect.h">
      <Filter>Sound</Filter>
    </ClInclude>
    <ClInclude Include="Sound\BackMusic.h">
      <Filter>Sound</Filter>
    </ClInclude>
    <ClInclude Include="Sound\BGMManager.h">
      <Filter>Sound</Filter>
    </ClInclude>
    <ClInclude Include="resource.h">
      <Filter>ヘッダー ファイル</Filter>
    </ClInclude>
    <ClInclude Include="File\KFile.h">
      <Filter>FileSystem</Filter>
    </ClInclude>
    <ClInclude Include="Graphics\TileDrawer.h">
      <Filter>Graphics</Filter>
    </ClInclude>
    <ClInclude Include="Geometry\geometry.h">
      <Filter>Geometry</Filter>
    </ClInclude>
    <ClInclude Include="Game\Stage.h">
      <Filter>Game</Filter>
    </ClInclude>
    <ClInclude Include="Game\Player.h">
      <Filter>Game</Filter>
    </ClInclude>
    <ClInclude Include="Game\Character.h">
      <Filter>Game</Filter>
    </ClInclude>
    <ClInclude Include="Game\Solid.h">
      <Filter>Game</Filter>
    </ClInclude>
    <ClInclude Include="Game\CollisionDetector.h">
      <Filter>Game</Filter>
    </ClInclude>
    <ClInclude Include="Game\Enemy.h">
      <Filter>Game</Filter>
    </ClInclude>
    <ClInclude Include="Game\Bullet.h">
      <Filter>Game</Filter>
    </ClInclude>
    <ClInclude Include="Game\Camera.h">
      <Filter>Game</Filter>
    </ClInclude>
    <ClInclude Include="3D\Model3D.h">
      <Filter>3D</Filter>
    </ClInclude>
    <ClInclude Include="Game\Shot.h">
      <Filter>Game</Filter>
    </ClInclude>
    <ClInclude Include="Game\HitEffect.h">
      <Filter>Game</Filter>
    </ClInclude>
    <ClInclude Include="scene\ClearScene.h">
      <Filter>Scene</Filter>
    </ClInclude>
    <ClInclude Include="Graphics\BlinkDrawer.h">
      <Filter>Graphics</Filter>
    </ClInclude>
    <ClInclude Include="Graphics\LagDrawer.h">
      <Filter>Graphics</Filter>
    </ClInclude>
    <ClInclude Include="Game\GameItem.h">
      <Filter>Game</Filter>
    </ClInclude>
    <ClInclude Include="Game\BloodSplash.h">
      <Filter>Game</Filter>
    </ClInclude>
    <ClInclude Include="Game\EffectBase.h">
      <Filter>Game</Filter>
    </ClInclude>
    <ClInclude Include="Game\GameObject.h">
      <Filter>Game</Filter>
    </ClInclude>
  </ItemGroup>
  <ItemGroup>
    <ResourceCompile Include="splatter_village.rc">
      <Filter>リソース ファイル</Filter>
    </ResourceCompile>
  </ItemGroup>
  <ItemGroup>
    <None Include="img\dokuro.ico">
      <Filter>リソース ファイル</Filter>
    </None>
  </ItemGroup>
</Project>